{
  "name": "nip5",
  "version": "1.0.0",
  "lockfileVersion": 2,
  "requires": true,
  "packages": {
    "": {
      "name": "nip5",
      "version": "1.0.0",
      "license": "ISC",
      "dependencies": {
        "bech32": "^2.0.0",
        "commander": "^10.0.0"
      },
      "bin": {
        "hexynip5": "index.js"
      }
    },
    "node_modules/bech32": {
      "version": "2.0.0",
      "resolved": "https://registry.npmjs.org/bech32/-/bech32-2.0.0.tgz",
      "integrity": "sha512-LcknSilhIGatDAsY1ak2I8VtGaHNhgMSYVxFrGLXv+xLHytaKZKcaUJJUE7qmBr7h33o5YQwP55pMI0xmkpJwg=="
    },
    "node_modules/commander": {
      "version": "10.0.0",
      "resolved": "https://registry.npmjs.org/commander/-/commander-10.0.0.tgz",
      "integrity": "sha512-zS5PnTI22FIRM6ylNW8G4Ap0IEOyk62fhLSD0+uHRT9McRCLGpkVNvao4bjimpK/GShynyQkFFxHhwMcETmduA==",
      "engines": {
        "node": ">=14"
      }
    }
  },
  "dependencies": {
    "bech32": {
      "version": "2.0.0",
      "resolved": "https://registry.npmjs.org/bech32/-/bech32-2.0.0.tgz",
      "integrity": "sha512-LcknSilhIGatDAsY1ak2I8VtGaHNhgMSYVxFrGLXv+xLHytaKZKcaUJJUE7qmBr7h33o5YQwP55pMI0xmkpJwg=="
    },
    "commander": {
      "version": "10.0.0",
      "resolved": "https://registry.npmjs.org/commander/-/commander-10.0.0.tgz",
      "integrity": "sha512-zS5PnTI22FIRM6ylNW8G4Ap0IEOyk62fhLSD0+uHRT9McRCLGpkVNvao4bjimpK/GShynyQkFFxHhwMcETmduA=="
    }
  }
}
